// !$*UTF8*$!
{
	archiveVersion = 1;
	classes = {
	};
	objectVersion = 52;
	objects = {

/* Begin PBXBuildFile section */
		925DC50D24A92D720096C14A /* Example_macOSApp.swift in Sources */ = {isa = PBXBuildFile; fileRef = 925DC50C24A92D720096C14A /* Example_macOSApp.swift */; };
		925DC50F24A92D720096C14A /* ContentView.swift in Sources */ = {isa = PBXBuildFile; fileRef = 925DC50E24A92D720096C14A /* ContentView.swift */; };
		925DC51124A92D730096C14A /* Assets.xcassets in Resources */ = {isa = PBXBuildFile; fileRef = 925DC51024A92D730096C14A /* Assets.xcassets */; };
		925DC51424A92D730096C14A /* Preview Assets.xcassets in Resources */ = {isa = PBXBuildFile; fileRef = 925DC51324A92D730096C14A /* Preview Assets.xcassets */; };
		92BAB017240ACE8E00F3A3A8 /* Assets.xcassets in Resources */ = {isa = PBXBuildFile; fileRef = 92BAB016240ACE8E00F3A3A8 /* Assets.xcassets */; };
		92EDE1F223CB7D2800D6C26C /* AppDelegate.swift in Sources */ = {isa = PBXBuildFile; fileRef = 92EDE1F123CB7D2800D6C26C /* AppDelegate.swift */; };
		92EDE1F423CB7D2800D6C26C /* SceneDelegate.swift in Sources */ = {isa = PBXBuildFile; fileRef = 92EDE1F323CB7D2800D6C26C /* SceneDelegate.swift */; };
		92EDE1F623CB7D2800D6C26C /* ContentView.swift in Sources */ = {isa = PBXBuildFile; fileRef = 92EDE1F523CB7D2800D6C26C /* ContentView.swift */; };
		92EDE1FE23CB7D2900D6C26C /* LaunchScreen.storyboard in Resources */ = {isa = PBXBuildFile; fileRef = 92EDE1FC23CB7D2900D6C26C /* LaunchScreen.storyboard */; };
		92EDE26723CBC05800D6C26C /* LoadableImage in Frameworks */ = {isa = PBXBuildFile; productRef = 92EDE26623CBC05800D6C26C /* LoadableImage */; };
/* End PBXBuildFile section */

/* Begin PBXCopyFilesBuildPhase section */
		92EDE22723CB8D7600D6C26C /* Embed Frameworks */ = {
			isa = PBXCopyFilesBuildPhase;
			buildActionMask = 2147483647;
			dstPath = "";
			dstSubfolderSpec = 10;
			files = (
			);
			name = "Embed Frameworks";
			runOnlyForDeploymentPostprocessing = 0;
		};
/* End PBXCopyFilesBuildPhase section */

/* Begin PBXFileReference section */
		925DC50A24A92D720096C14A /* Example-macOS.app */ = {isa = PBXFileReference; explicitFileType = wrapper.application; includeInIndex = 0; path = "Example-macOS.app"; sourceTree = BUILT_PRODUCTS_DIR; };
		925DC50C24A92D720096C14A /* Example_macOSApp.swift */ = {isa = PBXFileReference; lastKnownFileType = sourcecode.swift; path = Example_macOSApp.swift; sourceTree = "<group>"; };
		925DC50E24A92D720096C14A /* ContentView.swift */ = {isa = PBXFileReference; lastKnownFileType = sourcecode.swift; path = ContentView.swift; sourceTree = "<group>"; };
		925DC51024A92D730096C14A /* Assets.xcassets */ = {isa = PBXFileReference; lastKnownFileType = folder.assetcatalog; path = Assets.xcassets; sourceTree = "<group>"; };
		925DC51324A92D730096C14A /* Preview Assets.xcassets */ = {isa = PBXFileReference; lastKnownFileType = folder.assetcatalog; path = "Preview Assets.xcassets"; sourceTree = "<group>"; };
		925DC51524A92D730096C14A /* Info.plist */ = {isa = PBXFileReference; lastKnownFileType = text.plist.xml; path = Info.plist; sourceTree = "<group>"; };
		925DC51624A92D730096C14A /* Example_macOS.entitlements */ = {isa = PBXFileReference; lastKnownFileType = text.plist.entitlements; path = Example_macOS.entitlements; sourceTree = "<group>"; };
		92BAB016240ACE8E00F3A3A8 /* Assets.xcassets */ = {isa = PBXFileReference; lastKnownFileType = folder.assetcatalog; path = Assets.xcassets; sourceTree = "<group>"; };
		92EDE1EE23CB7D2800D6C26C /* Example-iOS.app */ = {isa = PBXFileReference; explicitFileType = wrapper.application; includeInIndex = 0; path = "Example-iOS.app"; sourceTree = BUILT_PRODUCTS_DIR; };
		92EDE1F123CB7D2800D6C26C /* AppDelegate.swift */ = {isa = PBXFileReference; lastKnownFileType = sourcecode.swift; path = AppDelegate.swift; sourceTree = "<group>"; };
		92EDE1F323CB7D2800D6C26C /* SceneDelegate.swift */ = {isa = PBXFileReference; lastKnownFileType = sourcecode.swift; path = SceneDelegate.swift; sourceTree = "<group>"; };
		92EDE1F523CB7D2800D6C26C /* ContentView.swift */ = {isa = PBXFileReference; lastKnownFileType = sourcecode.swift; path = ContentView.swift; sourceTree = "<group>"; };
		92EDE1FD23CB7D2900D6C26C /* Base */ = {isa = PBXFileReference; lastKnownFileType = file.storyboard; name = Base; path = Base.lproj/LaunchScreen.storyboard; sourceTree = "<group>"; };
		92EDE1FF23CB7D2900D6C26C /* Info.plist */ = {isa = PBXFileReference; lastKnownFileType = text.plist.xml; path = Info.plist; sourceTree = "<group>"; };
/* End PBXFileReference section */

/* Begin PBXFrameworksBuildPhase section */
		925DC50724A92D720096C14A /* Frameworks */ = {
			isa = PBXFrameworksBuildPhase;
			buildActionMask = 2147483647;
			files = (
			);
			runOnlyForDeploymentPostprocessing = 0;
		};
		92EDE1EB23CB7D2800D6C26C /* Frameworks */ = {
			isa = PBXFrameworksBuildPhase;
			buildActionMask = 2147483647;
			files = (
				92EDE26723CBC05800D6C26C /* LoadableImage in Frameworks */,
			);
			runOnlyForDeploymentPostprocessing = 0;
		};
/* End PBXFrameworksBuildPhase section */

/* Begin PBXGroup section */
		925DC50B24A92D720096C14A /* Example-macOS */ = {
			isa = PBXGroup;
			children = (
				925DC50C24A92D720096C14A /* Example_macOSApp.swift */,
				925DC50E24A92D720096C14A /* ContentView.swift */,
				925DC51024A92D730096C14A /* Assets.xcassets */,
				925DC51524A92D730096C14A /* Info.plist */,
				925DC51624A92D730096C14A /* Example_macOS.entitlements */,
				925DC51224A92D730096C14A /* Preview Content */,
			);
			path = "Example-macOS";
			sourceTree = "<group>";
		};
		925DC51224A92D730096C14A /* Preview Content */ = {
			isa = PBXGroup;
			children = (
				925DC51324A92D730096C14A /* Preview Assets.xcassets */,
			);
			path = "Preview Content";
			sourceTree = "<group>";
		};
		92EDE1E523CB7D2800D6C26C = {
			isa = PBXGroup;
			children = (
				92EDE1F023CB7D2800D6C26C /* Example-iOS */,
				925DC50B24A92D720096C14A /* Example-macOS */,
				92EDE1EF23CB7D2800D6C26C /* Products */,
				92EDE21323CB7DB800D6C26C /* Frameworks */,
			);
			sourceTree = "<group>";
		};
		92EDE1EF23CB7D2800D6C26C /* Products */ = {
			isa = PBXGroup;
			children = (
				92EDE1EE23CB7D2800D6C26C /* Example-iOS.app */,
				925DC50A24A92D720096C14A /* Example-macOS.app */,
			);
			name = Products;
			sourceTree = "<group>";
		};
		92EDE1F023CB7D2800D6C26C /* Example-iOS */ = {
			isa = PBXGroup;
			children = (
				92BAB016240ACE8E00F3A3A8 /* Assets.xcassets */,
				92EDE1F123CB7D2800D6C26C /* AppDelegate.swift */,
				92EDE1F323CB7D2800D6C26C /* SceneDelegate.swift */,
				92EDE1F523CB7D2800D6C26C /* ContentView.swift */,
				92EDE1FC23CB7D2900D6C26C /* LaunchScreen.storyboard */,
				92EDE1FF23CB7D2900D6C26C /* Info.plist */,
			);
			path = "Example-iOS";
			sourceTree = "<group>";
		};
		92EDE21323CB7DB800D6C26C /* Frameworks */ = {
			isa = PBXGroup;
			children = (
			);
			name = Frameworks;
			sourceTree = "<group>";
		};
/* End PBXGroup section */

/* Begin PBXNativeTarget section */
		925DC50924A92D720096C14A /* Example-macOS */ = {
			isa = PBXNativeTarget;
			buildConfigurationList = 925DC51724A92D730096C14A /* Build configuration list for PBXNativeTarget "Example-macOS" */;
			buildPhases = (
				925DC50624A92D720096C14A /* Sources */,
				925DC50724A92D720096C14A /* Frameworks */,
				925DC50824A92D720096C14A /* Resources */,
			);
			buildRules = (
			);
			dependencies = (
			);
			name = "Example-macOS";
			productName = "Example-macOS";
			productReference = 925DC50A24A92D720096C14A /* Example-macOS.app */;
			productType = "com.apple.product-type.application";
		};
		92EDE1ED23CB7D2800D6C26C /* Example-iOS */ = {
			isa = PBXNativeTarget;
			buildConfigurationList = 92EDE20D23CB7D2A00D6C26C /* Build configuration list for PBXNativeTarget "Example-iOS" */;
			buildPhases = (
				92EDE1EA23CB7D2800D6C26C /* Sources */,
				92EDE1EB23CB7D2800D6C26C /* Frameworks */,
				92EDE1EC23CB7D2800D6C26C /* Resources */,
				92EDE22723CB8D7600D6C26C /* Embed Frameworks */,
			);
			buildRules = (
			);
			dependencies = (
			);
			name = "Example-iOS";
			packageProductDependencies = (
				92EDE26623CBC05800D6C26C /* LoadableImage */,
			);
			productName = LoadableImageExample;
			productReference = 92EDE1EE23CB7D2800D6C26C /* Example-iOS.app */;
			productType = "com.apple.product-type.application";
		};
/* End PBXNativeTarget section */

/* Begin PBXProject section */
		92EDE1E623CB7D2800D6C26C /* Project object */ = {
			isa = PBXProject;
			attributes = {
				LastSwiftUpdateCheck = 1200;
				LastUpgradeCheck = 1200;
				ORGANIZATIONNAME = "Andrey CHIRKOV";
				TargetAttributes = {
					925DC50924A92D720096C14A = {
						CreatedOnToolsVersion = 12.0;
					};
					92EDE1ED23CB7D2800D6C26C = {
						CreatedOnToolsVersion = 11.3;
					};
				};
			};
			buildConfigurationList = 92EDE1E923CB7D2800D6C26C /* Build configuration list for PBXProject "Example" */;
			compatibilityVersion = "Xcode 9.3";
			developmentRegion = en;
			hasScannedForEncodings = 0;
			knownRegions = (
				en,
				Base,
			);
			mainGroup = 92EDE1E523CB7D2800D6C26C;
			packageReferences = (
				92EDE26523CBC05800D6C26C /* XCRemoteSwiftPackageReference "LoadableImage" */,
			);
			productRefGroup = 92EDE1EF23CB7D2800D6C26C /* Products */;
			projectDirPath = "";
			projectRoot = "";
			targets = (
				92EDE1ED23CB7D2800D6C26C /* Example-iOS */,
				925DC50924A92D720096C14A /* Example-macOS */,
			);
		};
/* End PBXProject section */

/* Begin PBXResourcesBuildPhase section */
		925DC50824A92D720096C14A /* Resources */ = {
			isa = PBXResourcesBuildPhase;
			buildActionMask = 2147483647;
			files = (
				925DC51424A92D730096C14A /* Preview Assets.xcassets in Resources */,
				925DC51124A92D730096C14A /* Assets.xcassets in Resources */,
			);
			runOnlyForDeploymentPostprocessing = 0;
		};
		92EDE1EC23CB7D2800D6C26C /* Resources */ = {
			isa = PBXResourcesBuildPhase;
			buildActionMask = 2147483647;
			files = (
				92BAB017240ACE8E00F3A3A8 /* Assets.xcassets in Resources */,
				92EDE1FE23CB7D2900D6C26C /* LaunchScreen.storyboard in Resources */,
			);
			runOnlyForDeploymentPostprocessing = 0;
		};
/* End PBXResourcesBuildPhase section */

/* Begin PBXSourcesBuildPhase section */
		925DC50624A92D720096C14A /* Sources */ = {
			isa = PBXSourcesBuildPhase;
			buildActionMask = 2147483647;
			files = (
				925DC50F24A92D720096C14A /* ContentView.swift in Sources */,
				925DC50D24A92D720096C14A /* Example_macOSApp.swift in Sources */,
			);
			runOnlyForDeploymentPostprocessing = 0;
		};
		92EDE1EA23CB7D2800D6C26C /* Sources */ = {
			isa = PBXSourcesBuildPhase;
			buildActionMask = 2147483647;
			files = (
				92EDE1F223CB7D2800D6C26C /* AppDelegate.swift in Sources */,
				92EDE1F423CB7D2800D6C26C /* SceneDelegate.swift in Sources */,
				92EDE1F623CB7D2800D6C26C /* ContentView.swift in Sources */,
			);
			runOnlyForDeploymentPostprocessing = 0;
		};
/* End PBXSourcesBuildPhase section */

/* Begin PBXVariantGroup section */
		92EDE1FC23CB7D2900D6C26C /* LaunchScreen.storyboard */ = {
			isa = PBXVariantGroup;
			children = (
				92EDE1FD23CB7D2900D6C26C /* Base */,
			);
			name = LaunchScreen.storyboard;
			sourceTree = "<group>";
		};
/* End PBXVariantGroup section */

/* Begin XCBuildConfiguration section */
		925DC51824A92D730096C14A /* Debug */ = {
			isa = XCBuildConfiguration;
			buildSettings = {
				ASSETCATALOG_COMPILER_APPICON_NAME = AppIcon;
				ASSETCATALOG_COMPILER_GLOBAL_ACCENT_COLOR_NAME = AccentColor;
				CODE_SIGN_ENTITLEMENTS = "Example-macOS/Example_macOS.entitlements";
				CODE_SIGN_STYLE = Automatic;
				COMBINE_HIDPI_IMAGES = YES;
				DEVELOPMENT_ASSET_PATHS = "\"Example-macOS/Preview Content\"";
				DEVELOPMENT_TEAM = MMS552F7Y5;
				ENABLE_HARDENED_RUNTIME = YES;
				ENABLE_PREVIEWS = YES;
				INFOPLIST_FILE = "Example-macOS/Info.plist";
				LD_RUNPATH_SEARCH_PATHS = (
					"$(inherited)",
					"@executable_path/../Frameworks",
				);
				MACOSX_DEPLOYMENT_TARGET = 10.16;
				PRODUCT_BUNDLE_IDENTIFIER = "com.LoadableImage.Example-macOS";
				PRODUCT_NAME = "$(TARGET_NAME)";
				SDKROOT = macosx;
				SWIFT_VERSION = 5.0;
			};
			name = Debug;
		};
		925DC51924A92D730096C14A /* Release */ = {
			isa = XCBuildConfiguration;
			buildSettings = {
				ASSETCATALOG_COMPILER_APPICON_NAME = AppIcon;
				ASSETCATALOG_COMPILER_GLOBAL_ACCENT_COLOR_NAME = AccentColor;
				CODE_SIGN_ENTITLEMENTS = "Example-macOS/Example_macOS.entitlements";
				CODE_SIGN_STYLE = Automatic;
				COMBINE_HIDPI_IMAGES = YES;
				DEVELOPMENT_ASSET_PATHS = "\"Example-macOS/Preview Content\"";
				DEVELOPMENT_TEAM = MMS552F7Y5;
				ENABLE_HARDENED_RUNTIME = YES;
				ENABLE_PREVIEWS = YES;
				INFOPLIST_FILE = "Example-macOS/Info.plist";
				LD_RUNPATH_SEARCH_PATHS = (
					"$(inherited)",
					"@executable_path/../Frameworks",
				);
				MACOSX_DEPLOYMENT_TARGET = 10.16;
				PRODUCT_BUNDLE_IDENTIFIER = "com.LoadableImage.Example-macOS";
				PRODUCT_NAME = "$(TARGET_NAME)";
				SDKROOT = macosx;
				SWIFT_VERSION = 5.0;
			};
			name = Release;
		};
		92EDE20B23CB7D2A00D6C26C /* Debug */ = {
			isa = XCBuildConfiguration;
			buildSettings = {
				ALWAYS_SEARCH_USER_PATHS = NO;
				CLANG_ANALYZER_NONNULL = YES;
				CLANG_ANALYZER_NUMBER_OBJECT_CONVERSION = YES_AGGRESSIVE;
				CLANG_CXX_LANGUAGE_STANDARD = "gnu++14";
				CLANG_CXX_LIBRARY = "libc++";
				CLANG_ENABLE_MODULES = YES;
				CLANG_ENABLE_OBJC_ARC = YES;
				CLANG_ENABLE_OBJC_WEAK = YES;
				CLANG_WARN_BLOCK_CAPTURE_AUTORELEASING = YES;
				CLANG_WARN_BOOL_CONVERSION = YES;
				CLANG_WARN_COMMA = YES;
				CLANG_WARN_CONSTANT_CONVERSION = YES;
				CLANG_WARN_DEPRECATED_OBJC_IMPLEMENTATIONS = YES;
				CLANG_WARN_DIRECT_OBJC_ISA_USAGE = YES_ERROR;
				CLANG_WARN_DOCUMENTATION_COMMENTS = YES;
				CLANG_WARN_EMPTY_BODY = YES;
				CLANG_WARN_ENUM_CONVERSION = YES;
				CLANG_WARN_INFINITE_RECURSION = YES;
				CLANG_WARN_INT_CONVERSION = YES;
				CLANG_WARN_NON_LITERAL_NULL_CONVERSION = YES;
				CLANG_WARN_OBJC_IMPLICIT_RETAIN_SELF = YES;
				CLANG_WARN_OBJC_LITERAL_CONVERSION = YES;
				CLANG_WARN_OBJC_ROOT_CLASS = YES_ERROR;
				CLANG_WARN_QUOTED_INCLUDE_IN_FRAMEWORK_HEADER = YES;
				CLANG_WARN_RANGE_LOOP_ANALYSIS = YES;
				CLANG_WARN_STRICT_PROTOTYPES = YES;
				CLANG_WARN_SUSPICIOUS_MOVE = YES;
				CLANG_WARN_UNGUARDED_AVAILABILITY = YES_AGGRESSIVE;
				CLANG_WARN_UNREACHABLE_CODE = YES;
				CLANG_WARN__DUPLICATE_METHOD_MATCH = YES;
				COPY_PHASE_STRIP = NO;
				DEBUG_INFORMATION_FORMAT = dwarf;
				ENABLE_STRICT_OBJC_MSGSEND = YES;
				ENABLE_TESTABILITY = YES;
				GCC_C_LANGUAGE_STANDARD = gnu11;
				GCC_DYNAMIC_NO_PIC = NO;
				GCC_NO_COMMON_BLOCKS = YES;
				GCC_OPTIMIZATION_LEVEL = 0;
				GCC_PREPROCESSOR_DEFINITIONS = (
					"DEBUG=1",
					"$(inherited)",
				);
				GCC_WARN_64_TO_32_BIT_CONVERSION = YES;
				GCC_WARN_ABOUT_RETURN_TYPE = YES_ERROR;
				GCC_WARN_UNDECLARED_SELECTOR = YES;
				GCC_WARN_UNINITIALIZED_AUTOS = YES_AGGRESSIVE;
				GCC_WARN_UNUSED_FUNCTION = YES;
				GCC_WARN_UNUSED_VARIABLE = YES;
				IPHONEOS_DEPLOYMENT_TARGET = 13.2;
				MTL_ENABLE_DEBUG_INFO = INCLUDE_SOURCE;
				MTL_FAST_MATH = YES;
				ONLY_ACTIVE_ARCH = YES;
				SDKROOT = iphoneos;
				SWIFT_ACTIVE_COMPILATION_CONDITIONS = DEBUG;
				SWIFT_OPTIMIZATION_LEVEL = "-Onone";
			};
			name = Debug;
		};
		92EDE20C23CB7D2A00D6C26C /* Release */ = {
			isa = XCBuildConfiguration;
			buildSettings = {
				ALWAYS_SEARCH_USER_PATHS = NO;
				CLANG_ANALYZER_NONNULL = YES;
				CLANG_ANALYZER_NUMBER_OBJECT_CONVERSION = YES_AGGRESSIVE;
				CLANG_CXX_LANGUAGE_STANDARD = "gnu++14";
				CLANG_CXX_LIBRARY = "libc++";
				CLANG_ENABLE_MODULES = YES;
				CLANG_ENABLE_OBJC_ARC = YES;
				CLANG_ENABLE_OBJC_WEAK = YES;
				CLANG_WARN_BLOCK_CAPTURE_AUTORELEASING = YES;
				CLANG_WARN_BOOL_CONVERSION = YES;
				CLANG_WARN_COMMA = YES;
				CLANG_WARN_CONSTANT_CONVERSION = YES;
				CLANG_WARN_DEPRECATED_OBJC_IMPLEMENTATIONS = YES;
				CLANG_WARN_DIRECT_OBJC_ISA_USAGE = YES_ERROR;
				CLANG_WARN_DOCUMENTATION_COMMENTS = YES;
				CLANG_WARN_EMPTY_BODY = YES;
				CLANG_WARN_ENUM_CONVERSION = YES;
				CLANG_WARN_INFINITE_RECURSION = YES;
				CLANG_WARN_INT_CONVERSION = YES;
				CLANG_WARN_NON_LITERAL_NULL_CONVERSION = YES;
				CLANG_WARN_OBJC_IMPLICIT_RETAIN_SELF = YES;
				CLANG_WARN_OBJC_LITERAL_CONVERSION = YES;
				CLANG_WARN_OBJC_ROOT_CLASS = YES_ERROR;
				CLANG_WARN_QUOTED_INCLUDE_IN_FRAMEWORK_HEADER = YES;
				CLANG_WARN_RANGE_LOOP_ANALYSIS = YES;
				CLANG_WARN_STRICT_PROTOTYPES = YES;
				CLANG_WARN_SUSPICIOUS_MOVE = YES;
				CLANG_WARN_UNGUARDED_AVAILABILITY = YES_AGGRESSIVE;
				CLANG_WARN_UNREACHABLE_CODE = YES;
				CLANG_WARN__DUPLICATE_METHOD_MATCH = YES;
				COPY_PHASE_STRIP = NO;
				DEBUG_INFORMATION_FORMAT = "dwarf-with-dsym";
				ENABLE_NS_ASSERTIONS = NO;
				ENABLE_STRICT_OBJC_MSGSEND = YES;
				GCC_C_LANGUAGE_STANDARD = gnu11;
				GCC_NO_COMMON_BLOCKS = YES;
				GCC_WARN_64_TO_32_BIT_CONVERSION = YES;
				GCC_WARN_ABOUT_RETURN_TYPE = YES_ERROR;
				GCC_WARN_UNDECLARED_SELECTOR = YES;
				GCC_WARN_UNINITIALIZED_AUTOS = YES_AGGRESSIVE;
				GCC_WARN_UNUSED_FUNCTION = YES;
				GCC_WARN_UNUSED_VARIABLE = YES;
				IPHONEOS_DEPLOYMENT_TARGET = 13.2;
				MTL_ENABLE_DEBUG_INFO = NO;
				MTL_FAST_MATH = YES;
				SDKROOT = iphoneos;
				SWIFT_COMPILATION_MODE = wholemodule;
				SWIFT_OPTIMIZATION_LEVEL = "-O";
				VALIDATE_PRODUCT = YES;
			};
			name = Release;
		};
		92EDE20E23CB7D2A00D6C26C /* Debug */ = {
			isa = XCBuildConfiguration;
			buildSettings = {
				ASSETCATALOG_COMPILER_APPICON_NAME = AppIcon;
				CODE_SIGN_STYLE = Automatic;
				DEVELOPMENT_ASSET_PATHS = "";
				DEVELOPMENT_TEAM = MMS552F7Y5;
				ENABLE_PREVIEWS = YES;
				INFOPLIST_FILE = "Example-iOS/Info.plist";
				LD_RUNPATH_SEARCH_PATHS = (
					"$(inherited)",
					"@executable_path/Frameworks",
				);
				PRODUCT_BUNDLE_IDENTIFIER = "com.LoadableImage.Example-iOS";
				PRODUCT_NAME = "$(TARGET_NAME)";
				SWIFT_VERSION = 5.0;
				TARGETED_DEVICE_FAMILY = "1,2";
			};
			name = Debug;
		};
		92EDE20F23CB7D2A00D6C26C /* Release */ = {
			isa = XCBuildConfiguration;
			buildSettings = {
				ASSETCATALOG_COMPILER_APPICON_NAME = AppIcon;
				CODE_SIGN_STYLE = Automatic;
				DEVELOPMENT_ASSET_PATHS = "";
				DEVELOPMENT_TEAM = MMS552F7Y5;
				ENABLE_PREVIEWS = YES;
				INFOPLIST_FILE = "Example-iOS/Info.plist";
				LD_RUNPATH_SEARCH_PATHS = (
					"$(inherited)",
					"@executable_path/Frameworks",
				);
				PRODUCT_BUNDLE_IDENTIFIER = "com.LoadableImage.Example-iOS";
				PRODUCT_NAME = "$(TARGET_NAME)";
				SWIFT_VERSION = 5.0;
				TARGETED_DEVICE_FAMILY = "1,2";
			};
			name = Release;
		};
/* End XCBuildConfiguration section */

/* Begin XCConfigurationList section */
		925DC51724A92D730096C14A /* Build configuration list for PBXNativeTarget "Example-macOS" */ = {
			isa = XCConfigurationList;
			buildConfigurations = (
				925DC51824A92D730096C14A /* Debug */,
				925DC51924A92D730096C14A /* Release */,
			);
			defaultConfigurationIsVisible = 0;
			defaultConfigurationName = Release;
		};
		92EDE1E923CB7D2800D6C26C /* Build configuration list for PBXProject "Example" */ = {
			isa = XCConfigurationList;
			buildConfigurations = (
				92EDE20B23CB7D2A00D6C26C /* Debug */,
				92EDE20C23CB7D2A00D6C26C /* Release */,
			);
			defaultConfigurationIsVisible = 0;
			defaultConfigurationName = Release;
		};
		92EDE20D23CB7D2A00D6C26C /* Build configuration list for PBXNativeTarget "Example-iOS" */ = {
			isa = XCConfigurationList;
			buildConfigurations = (
				92EDE20E23CB7D2A00D6C26C /* Debug */,
				92EDE20F23CB7D2A00D6C26C /* Release */,
			);
			defaultConfigurationIsVisible = 0;
			defaultConfigurationName = Release;
		};
/* End XCConfigurationList section */

/* Begin XCRemoteSwiftPackageReference section */
		92EDE26523CBC05800D6C26C /* XCRemoteSwiftPackageReference "LoadableImage" */ = {
			isa = XCRemoteSwiftPackageReference;
			repositoryURL = "https://github.com/achirkof/LoadableImage.git";
			requirement = {
				branch = master;
				kind = branch;
			};
		};
/* End XCRemoteSwiftPackageReference section */

/* Begin XCSwiftPackageProductDependency section */
		92EDE26623CBC05800D6C26C /* LoadableImage */ = {
			isa = XCSwiftPackageProductDependency;
			package = 92EDE26523CBC05800D6C26C /* XCRemoteSwiftPackageReference "LoadableImage" */;
			productName = LoadableImage;
		};
/* End XCSwiftPackageProductDependency section */
	};
	rootObject = 92EDE1E623CB7D2800D6C26C /* Project object */;
}
