{
  "object": {
    "pins": [
      {
        "package": "LoadableImage",
        "repositoryURL": "https://github.com/achirkof/LoadableImage.git",
        "state": {
          "branch": "feature/make-loadable-string",
          "revision": "54ecfd14f4924eb06b839a48193e2de58dbf9622",
          "version": null
        }
      }
    ]
  },
  "version": 1
}
